
Microsoft Visual Studio Solution File, Format Version 12.00
# Visual Studio Version 16
VisualStudioVersion = 16.0.30413.136
MinimumVisualStudioVersion = 10.0.40219.1
Project("{FAE04EC0-301F-11D3-BF4B-00C04F79EFBC}") = "View", "View\View.csproj", "{D0A63DA5-197F-4595-ABE1-820C3FBD2654}"
EndProject
Project("{FAE04EC0-301F-11D3-BF4B-00C04F79EFBC}") = "Jogo.DAL", "DAL\Jogo.DAL.csproj", "{5142974A-E125-4B25-A531-0B1F3326F33E}"
EndProject
Global
	GlobalSection(SolutionConfigurationPlatforms) = preSolution
		Debug|Any CPU = Debug|Any CPU
		Release|Any CPU = Release|Any CPU
	EndGlobalSection
	GlobalSection(ProjectConfigurationPlatforms) = postSolution
		{D0A63DA5-197F-4595-ABE1-820C3FBD2654}.Debug|Any CPU.ActiveCfg = Debug|Any CPU
		{D0A63DA5-197F-4595-ABE1-820C3FBD2654}.Debug|Any CPU.Build.0 = Debug|Any CPU
		{D0A63DA5-197F-4595-ABE1-820C3FBD2654}.Release|Any CPU.ActiveCfg = Release|Any CPU
		{D0A63DA5-197F-4595-ABE1-820C3FBD2654}.Release|Any CPU.Build.0 = Release|Any CPU
		{5142974A-E125-4B25-A531-0B1F3326F33E}.Debug|Any CPU.ActiveCfg = Debug|Any CPU
		{5142974A-E125-4B25-A531-0B1F3326F33E}.Debug|Any CPU.Build.0 = Debug|Any CPU
		{5142974A-E125-4B25-A531-0B1F3326F33E}.Release|Any CPU.ActiveCfg = Release|Any CPU
		{5142974A-E125-4B25-A531-0B1F3326F33E}.Release|Any CPU.Build.0 = Release|Any CPU
	EndGlobalSection
	GlobalSection(SolutionProperties) = preSolution
		HideSolutionNode = FALSE
	EndGlobalSection
	GlobalSection(ExtensibilityGlobals) = postSolution
		SolutionGuid = {03126E5F-3C91-4EC8-A5E9-CDB10FC5465A}
	EndGlobalSection
EndGlobal
